<?xml version="1.0" encoding="utf-8"?>
<Project ToolsVersion="4.0" xmlns="http://schemas.microsoft.com/developer/msbuild/2003">
  <ItemGroup>
    <Filter Include="Source Files">
      <UniqueIdentifier>{4FC737F1-C7A5-4376-A066-2A32D752A2FF}</UniqueIdentifier>
      <Extensions>cpp;c;cc;cxx;c++;cppm;ixx;def;odl;idl;hpj;bat;asm;asmx</Extensions>
    </Filter>
    <Filter Include="Header Files">
      <UniqueIdentifier>{93995380-89BD-4b04-88EB-625FBE52EBFB}</UniqueIdentifier>
      <Extensions>h;hh;hpp;hxx;h++;hm;inl;inc;ipp;xsd</Extensions>
    </Filter>
    <Filter Include="Resource Files">
      <UniqueIdentifier>{67DA6AB6-F800-4c08-8B7A-83BB121AAD01}</UniqueIdentifier>
      <Extensions>rc;ico;cur;bmp;dlg;rc2;rct;bin;rgs;gif;jpg;jpeg;jpe;resx;tiff;tif;png;wav;mfcribbon-ms</Extensions>
    </Filter>
    <Filter Include="Source Files\Utills">
      <UniqueIdentifier>{e2297b63-3a2c-4f63-8e18-2b2e7482346b}</UniqueIdentifier>
    </Filter>
    <Filter Include="Source Files\Engine">
      <UniqueIdentifier>{b469d917-48e5-4b90-8b73-f27e67ecde53}</UniqueIdentifier>
    </Filter>
    <Filter Include="Source Files\Core">
      <UniqueIdentifier>{2bfa30ba-56f0-40c0-98bc-fcd35ea2b42b}</UniqueIdentifier>
    </Filter>
    <Filter Include="Source Files\Engine\Objects">
      <UniqueIdentifier>{cb97cd74-d7dc-4935-8330-061e8ac2cd52}</UniqueIdentifier>
    </Filter>
    <Filter Include="Source Files\Engine\Controler">
      <UniqueIdentifier>{61a98bb1-8c0b-4dbe-a393-e0cd322c248e}</UniqueIdentifier>
    </Filter>
    <Filter Include="Source Files\Map">
      <UniqueIdentifier>{a9b9ae7c-aa7e-44c7-867c-262d921e61c5}</UniqueIdentifier>
    </Filter>
  </ItemGroup>
  <ItemGroup>
    <ClCompile Include="main.cpp">
      <Filter>Source Files</Filter>
    </ClCompile>
    <ClCompile Include="Utills..cpp">
      <Filter>Source Files\Utills</Filter>
    </ClCompile>
    <ClCompile Include="Vector2.cpp">
      <Filter>Source Files\Core</Filter>
    </ClCompile>
    <ClCompile Include="Circle.cpp">
      <Filter>Source Files\Engine\Objects</Filter>
    </ClCompile>
    <ClCompile Include="ProjectControl.cpp">
      <Filter>Source Files\Engine\Controler</Filter>
    </ClCompile>
    <ClCompile Include="Map.cpp">
      <Filter>Source Files\Map</Filter>
    </ClCompile>
    <ClCompile Include="Objects.cpp">
      <Filter>Source Files\Engine\Objects</Filter>
    </ClCompile>
  </ItemGroup>
  <ItemGroup>
    <ClInclude Include="Utills.hpp">
      <Filter>Source Files\Utills</Filter>
    </ClInclude>
    <ClInclude Include="Vector2.hpp">
      <Filter>Source Files\Core</Filter>
    </ClInclude>
    <ClInclude Include="Circle.hpp">
      <Filter>Source Files\Engine\Objects</Filter>
    </ClInclude>
    <ClInclude Include="Objects.hpp">
      <Filter>Source Files\Engine\Objects</Filter>
    </ClInclude>
    <ClInclude Include="config.hpp">
      <Filter>Source Files\Core</Filter>
    </ClInclude>
    <ClInclude Include="ProjectControl.hpp">
      <Filter>Source Files\Engine\Controler</Filter>
    </ClInclude>
    <ClInclude Include="Square.hpp">
      <Filter>Source Files\Engine\Objects</Filter>
    </ClInclude>
    <ClInclude Include="Map.hpp">
      <Filter>Source Files\Map</Filter>
    </ClInclude>
    <ClInclude Include="Collisions.hpp">
      <Filter>Source Files\Map</Filter>
    </ClInclude>
  </ItemGroup>
</Project>